Microsoft Visual Studio Solution File, Format Version 12.00
# Visual Studio Version 17
VisualStudioVersion = 17.5.2.0
MinimumVisualStudioVersion = 10.0.40219.1
Project("{2150E333-8FDC-42A3-9474-1A3956D46DE8}") = "Core", "Core", "{FBF56CC3-7AE6-AD2D-3F14-7F97FD322CD6}"
EndProject
Project("{FAE04EC0-301F-11D3-BF4B-00C04F79EFBC}") = "DataverseMCPToolBox", "Core\DataverseMCPToolBox.csproj", "{887CF0E7-0856-DC96-382E-F8AED1534B1D}"
EndProject
Global
	GlobalSection(SolutionConfigurationPlatforms) = preSolution
		Debug|Any CPU = Debug|Any CPU
		Release|Any CPU = Release|Any CPU
	EndGlobalSection
	GlobalSection(ProjectConfigurationPlatforms) = postSolution
		{887CF0E7-0856-DC96-382E-F8AED1534B1D}.Debug|Any CPU.ActiveCfg = Debug|Any CPU
		{887CF0E7-0856-DC96-382E-F8AED1534B1D}.Debug|Any CPU.Build.0 = Debug|Any CPU
		{887CF0E7-0856-DC96-382E-F8AED1534B1D}.Release|Any CPU.ActiveCfg = Release|Any CPU
		{887CF0E7-0856-DC96-382E-F8AED1534B1D}.Release|Any CPU.Build.0 = Release|Any CPU
	EndGlobalSection
	GlobalSection(SolutionProperties) = preSolution
		HideSolutionNode = FALSE
	EndGlobalSection
	GlobalSection(NestedProjects) = preSolution
		{887CF0E7-0856-DC96-382E-F8AED1534B1D} = {FBF56CC3-7AE6-AD2D-3F14-7F97FD322CD6}
	EndGlobalSection
	GlobalSection(ExtensibilityGlobals) = postSolution
		SolutionGuid = {13AF7152-5E25-4113-A3B1-2AD86B711E07}
	EndGlobalSection
EndGlobal
